{
  "originHash" : "08f4c2b1f2981ede4c589d975b78cc97a6e41891d02e53446a8177cc24f0f0fa",
  "pins" : [
    {
      "identity" : "rangeuislider",
      "kind" : "remoteSourceControl",
      "location" : "https://github.com/chicio/RangeUISlider.git",
      "state" : {
        "revision" : "b1e8242eb7ab07051721a2d7b937cd75ca129ebf",
        "version" : "4.0.1"
      }
    },
    {
      "identity" : "starscream",
      "kind" : "remoteSourceControl",
      "location" : "https://github.com/daltoniam/Starscream.git",
      "state" : {
        "revision" : "ac6c0fc9da221873e01bd1a0d4818498a71eef33",
        "version" : "4.0.6"
      }
    }
  ],
  "version" : 3
}
