// !$*UTF8*$!
{
	archiveVersion = 1;
	classes = {
	};
	objectVersion = 56;
	objects = {

/* Begin PBXBuildFile section */
		D0307FF92B940D4800545001 /* FujitsuIphoneApp.swift in Sources */ = {isa = PBXBuildFile; fileRef = D0307FF82B940D4800545001 /* FujitsuIphoneApp.swift */; };
		D0307FFB2B940D4800545001 /* ContentView.swift in Sources */ = {isa = PBXBuildFile; fileRef = D0307FFA2B940D4800545001 /* ContentView.swift */; };
		D0307FFD2B940D4900545001 /* Assets.xcassets in Resources */ = {isa = PBXBuildFile; fileRef = D0307FFC2B940D4900545001 /* Assets.xcassets */; };
		D03080002B940D4900545001 /* Preview Assets.xcassets in Resources */ = {isa = PBXBuildFile; fileRef = D0307FFF2B940D4900545001 /* Preview Assets.xcassets */; };
		D03080072B940DB400545001 /* ClimateViewModel.swift in Sources */ = {isa = PBXBuildFile; fileRef = D03080062B940DB400545001 /* ClimateViewModel.swift */; };
		D030800A2B940E1200545001 /* HassFramework.xcframework in Frameworks */ = {isa = PBXBuildFile; fileRef = D03080092B940E1200545001 /* HassFramework.xcframework */; };
		D030800B2B940E1200545001 /* HassFramework.xcframework in Embed Frameworks */ = {isa = PBXBuildFile; fileRef = D03080092B940E1200545001 /* HassFramework.xcframework */; settings = {ATTRIBUTES = (CodeSignOnCopy, RemoveHeadersOnCopy, ); }; };
		D030800F2B940E6500545001 /* Starscream in Frameworks */ = {isa = PBXBuildFile; productRef = D030800E2B940E6500545001 /* Starscream */; };
		D03080112B940EAF00545001 /* Enums.swift in Sources */ = {isa = PBXBuildFile; fileRef = D03080102B940EAF00545001 /* Enums.swift */; };
		D03080132B940EBA00545001 /* HassAPIService.swift in Sources */ = {isa = PBXBuildFile; fileRef = D03080122B940EBA00545001 /* HassAPIService.swift */; };
		D03080152B940F0000545001 /* Secrets.plist in Resources */ = {isa = PBXBuildFile; fileRef = D03080142B940F0000545001 /* Secrets.plist */; };
		D03080172B940F4400545001 /* thermostat.svg in Resources */ = {isa = PBXBuildFile; fileRef = D03080162B940F4400545001 /* thermostat.svg */; };
		D03080192B940F8400545001 /* ThermostatView.swift in Sources */ = {isa = PBXBuildFile; fileRef = D03080182B940F8400545001 /* ThermostatView.swift */; };
		D030801B2B940FA700545001 /* ThermostatScaleView.swift in Sources */ = {isa = PBXBuildFile; fileRef = D030801A2B940FA700545001 /* ThermostatScaleView.swift */; };
		D030801D2B940FAE00545001 /* ThermometerDialView.swift in Sources */ = {isa = PBXBuildFile; fileRef = D030801C2B940FAE00545001 /* ThermometerDialView.swift */; };
		D030801F2B940FB500545001 /* ThermostatModeView.swift in Sources */ = {isa = PBXBuildFile; fileRef = D030801E2B940FB500545001 /* ThermostatModeView.swift */; };
/* End PBXBuildFile section */

/* Begin PBXCopyFilesBuildPhase section */
		D030800C2B940E1200545001 /* Embed Frameworks */ = {
			isa = PBXCopyFilesBuildPhase;
			buildActionMask = 2147483647;
			dstPath = "";
			dstSubfolderSpec = 10;
			files = (
				D030800B2B940E1200545001 /* HassFramework.xcframework in Embed Frameworks */,
			);
			name = "Embed Frameworks";
			runOnlyForDeploymentPostprocessing = 0;
		};
/* End PBXCopyFilesBuildPhase section */

/* Begin PBXFileReference section */
		D0307FF52B940D4800545001 /* FujitsuIphone.app */ = {isa = PBXFileReference; explicitFileType = wrapper.application; includeInIndex = 0; path = FujitsuIphone.app; sourceTree = BUILT_PRODUCTS_DIR; };
		D0307FF82B940D4800545001 /* FujitsuIphoneApp.swift */ = {isa = PBXFileReference; lastKnownFileType = sourcecode.swift; path = FujitsuIphoneApp.swift; sourceTree = "<group>"; };
		D0307FFA2B940D4800545001 /* ContentView.swift */ = {isa = PBXFileReference; lastKnownFileType = sourcecode.swift; path = ContentView.swift; sourceTree = "<group>"; };
		D0307FFC2B940D4900545001 /* Assets.xcassets */ = {isa = PBXFileReference; lastKnownFileType = folder.assetcatalog; path = Assets.xcassets; sourceTree = "<group>"; };
		D0307FFF2B940D4900545001 /* Preview Assets.xcassets */ = {isa = PBXFileReference; lastKnownFileType = folder.assetcatalog; path = "Preview Assets.xcassets"; sourceTree = "<group>"; };
		D03080062B940DB400545001 /* ClimateViewModel.swift */ = {isa = PBXFileReference; fileEncoding = 4; lastKnownFileType = sourcecode.swift; path = ClimateViewModel.swift; sourceTree = "<group>"; };
		D03080092B940E1200545001 /* HassFramework.xcframework */ = {isa = PBXFileReference; lastKnownFileType = wrapper.xcframework; name = HassFramework.xcframework; path = ../Frameworks/HassFramework/HassFramework.xcframework; sourceTree = "<group>"; };
		D03080102B940EAF00545001 /* Enums.swift */ = {isa = PBXFileReference; fileEncoding = 4; lastKnownFileType = sourcecode.swift; path = Enums.swift; sourceTree = "<group>"; };
		D03080122B940EBA00545001 /* HassAPIService.swift */ = {isa = PBXFileReference; fileEncoding = 4; lastKnownFileType = sourcecode.swift; path = HassAPIService.swift; sourceTree = "<group>"; };
		D03080142B940F0000545001 /* Secrets.plist */ = {isa = PBXFileReference; fileEncoding = 4; lastKnownFileType = text.plist.xml; path = Secrets.plist; sourceTree = "<group>"; };
		D03080162B940F4400545001 /* thermostat.svg */ = {isa = PBXFileReference; fileEncoding = 4; lastKnownFileType = text.xml; path = thermostat.svg; sourceTree = "<group>"; };
		D03080182B940F8400545001 /* ThermostatView.swift */ = {isa = PBXFileReference; fileEncoding = 4; lastKnownFileType = sourcecode.swift; path = ThermostatView.swift; sourceTree = "<group>"; };
		D030801A2B940FA700545001 /* ThermostatScaleView.swift */ = {isa = PBXFileReference; fileEncoding = 4; lastKnownFileType = sourcecode.swift; path = ThermostatScaleView.swift; sourceTree = "<group>"; };
		D030801C2B940FAE00545001 /* ThermometerDialView.swift */ = {isa = PBXFileReference; fileEncoding = 4; lastKnownFileType = sourcecode.swift; path = ThermometerDialView.swift; sourceTree = "<group>"; };
		D030801E2B940FB500545001 /* ThermostatModeView.swift */ = {isa = PBXFileReference; fileEncoding = 4; lastKnownFileType = sourcecode.swift; path = ThermostatModeView.swift; sourceTree = "<group>"; };
/* End PBXFileReference section */

/* Begin PBXFrameworksBuildPhase section */
		D0307FF22B940D4800545001 /* Frameworks */ = {
			isa = PBXFrameworksBuildPhase;
			buildActionMask = 2147483647;
			files = (
				D030800A2B940E1200545001 /* HassFramework.xcframework in Frameworks */,
				D030800F2B940E6500545001 /* Starscream in Frameworks */,
			);
			runOnlyForDeploymentPostprocessing = 0;
		};
/* End PBXFrameworksBuildPhase section */

/* Begin PBXGroup section */
		D0307FEC2B940D4800545001 = {
			isa = PBXGroup;
			children = (
				D0307FF72B940D4800545001 /* FujitsuIphone */,
				D0307FF62B940D4800545001 /* Products */,
				D03080082B940E1200545001 /* Frameworks */,
			);
			sourceTree = "<group>";
		};
		D0307FF62B940D4800545001 /* Products */ = {
			isa = PBXGroup;
			children = (
				D0307FF52B940D4800545001 /* FujitsuIphone.app */,
			);
			name = Products;
			sourceTree = "<group>";
		};
		D0307FF72B940D4800545001 /* FujitsuIphone */ = {
			isa = PBXGroup;
			children = (
				D03080142B940F0000545001 /* Secrets.plist */,
				D03080102B940EAF00545001 /* Enums.swift */,
				D03080122B940EBA00545001 /* HassAPIService.swift */,
				D0307FF82B940D4800545001 /* FujitsuIphoneApp.swift */,
				D0307FFA2B940D4800545001 /* ContentView.swift */,
				D03080182B940F8400545001 /* ThermostatView.swift */,
				D030801A2B940FA700545001 /* ThermostatScaleView.swift */,
				D030801C2B940FAE00545001 /* ThermometerDialView.swift */,
				D030801E2B940FB500545001 /* ThermostatModeView.swift */,
				D03080062B940DB400545001 /* ClimateViewModel.swift */,
				D03080162B940F4400545001 /* thermostat.svg */,
				D0307FFC2B940D4900545001 /* Assets.xcassets */,
				D0307FFE2B940D4900545001 /* Preview Content */,
			);
			path = FujitsuIphone;
			sourceTree = "<group>";
		};
		D0307FFE2B940D4900545001 /* Preview Content */ = {
			isa = PBXGroup;
			children = (
				D0307FFF2B940D4900545001 /* Preview Assets.xcassets */,
			);
			path = "Preview Content";
			sourceTree = "<group>";
		};
		D03080082B940E1200545001 /* Frameworks */ = {
			isa = PBXGroup;
			children = (
				D03080092B940E1200545001 /* HassFramework.xcframework */,
			);
			name = Frameworks;
			sourceTree = "<group>";
		};
/* End PBXGroup section */

/* Begin PBXNativeTarget section */
		D0307FF42B940D4800545001 /* FujitsuIphone */ = {
			isa = PBXNativeTarget;
			buildConfigurationList = D03080032B940D4900545001 /* Build configuration list for PBXNativeTarget "FujitsuIphone" */;
			buildPhases = (
				D0307FF12B940D4800545001 /* Sources */,
				D0307FF22B940D4800545001 /* Frameworks */,
				D0307FF32B940D4800545001 /* Resources */,
				D030800C2B940E1200545001 /* Embed Frameworks */,
			);
			buildRules = (
			);
			dependencies = (
			);
			name = FujitsuIphone;
			packageProductDependencies = (
				D030800E2B940E6500545001 /* Starscream */,
			);
			productName = FujitsuIphone;
			productReference = D0307FF52B940D4800545001 /* FujitsuIphone.app */;
			productType = "com.apple.product-type.application";
		};
/* End PBXNativeTarget section */

/* Begin PBXProject section */
		D0307FED2B940D4800545001 /* Project object */ = {
			isa = PBXProject;
			attributes = {
				BuildIndependentTargetsInParallel = 1;
				LastSwiftUpdateCheck = 1520;
				LastUpgradeCheck = 1520;
				TargetAttributes = {
					D0307FF42B940D4800545001 = {
						CreatedOnToolsVersion = 15.2;
					};
				};
			};
			buildConfigurationList = D0307FF02B940D4800545001 /* Build configuration list for PBXProject "FujitsuIphone" */;
			compatibilityVersion = "Xcode 14.0";
			developmentRegion = en;
			hasScannedForEncodings = 0;
			knownRegions = (
				en,
				Base,
			);
			mainGroup = D0307FEC2B940D4800545001;
			packageReferences = (
				D030800D2B940E6500545001 /* XCRemoteSwiftPackageReference "Starscream" */,
			);
			productRefGroup = D0307FF62B940D4800545001 /* Products */;
			projectDirPath = "";
			projectRoot = "";
			targets = (
				D0307FF42B940D4800545001 /* FujitsuIphone */,
			);
		};
/* End PBXProject section */

/* Begin PBXResourcesBuildPhase section */
		D0307FF32B940D4800545001 /* Resources */ = {
			isa = PBXResourcesBuildPhase;
			buildActionMask = 2147483647;
			files = (
				D03080002B940D4900545001 /* Preview Assets.xcassets in Resources */,
				D03080152B940F0000545001 /* Secrets.plist in Resources */,
				D0307FFD2B940D4900545001 /* Assets.xcassets in Resources */,
				D03080172B940F4400545001 /* thermostat.svg in Resources */,
			);
			runOnlyForDeploymentPostprocessing = 0;
		};
/* End PBXResourcesBuildPhase section */

/* Begin PBXSourcesBuildPhase section */
		D0307FF12B940D4800545001 /* Sources */ = {
			isa = PBXSourcesBuildPhase;
			buildActionMask = 2147483647;
			files = (
				D030801B2B940FA700545001 /* ThermostatScaleView.swift in Sources */,
				D0307FFB2B940D4800545001 /* ContentView.swift in Sources */,
				D03080192B940F8400545001 /* ThermostatView.swift in Sources */,
				D03080072B940DB400545001 /* ClimateViewModel.swift in Sources */,
				D03080132B940EBA00545001 /* HassAPIService.swift in Sources */,
				D030801F2B940FB500545001 /* ThermostatModeView.swift in Sources */,
				D030801D2B940FAE00545001 /* ThermometerDialView.swift in Sources */,
				D03080112B940EAF00545001 /* Enums.swift in Sources */,
				D0307FF92B940D4800545001 /* FujitsuIphoneApp.swift in Sources */,
			);
			runOnlyForDeploymentPostprocessing = 0;
		};
/* End PBXSourcesBuildPhase section */

/* Begin XCBuildConfiguration section */
		D03080012B940D4900545001 /* Debug */ = {
			isa = XCBuildConfiguration;
			buildSettings = {
				ALWAYS_SEARCH_USER_PATHS = NO;
				ASSETCATALOG_COMPILER_GENERATE_SWIFT_ASSET_SYMBOL_EXTENSIONS = YES;
				CLANG_ANALYZER_NONNULL = YES;
				CLANG_ANALYZER_NUMBER_OBJECT_CONVERSION = YES_AGGRESSIVE;
				CLANG_CXX_LANGUAGE_STANDARD = "gnu++20";
				CLANG_ENABLE_MODULES = YES;
				CLANG_ENABLE_OBJC_ARC = YES;
				CLANG_ENABLE_OBJC_WEAK = YES;
				CLANG_WARN_BLOCK_CAPTURE_AUTORELEASING = YES;
				CLANG_WARN_BOOL_CONVERSION = YES;
				CLANG_WARN_COMMA = YES;
				CLANG_WARN_CONSTANT_CONVERSION = YES;
				CLANG_WARN_DEPRECATED_OBJC_IMPLEMENTATIONS = YES;
				CLANG_WARN_DIRECT_OBJC_ISA_USAGE = YES_ERROR;
				CLANG_WARN_DOCUMENTATION_COMMENTS = YES;
				CLANG_WARN_EMPTY_BODY = YES;
				CLANG_WARN_ENUM_CONVERSION = YES;
				CLANG_WARN_INFINITE_RECURSION = YES;
				CLANG_WARN_INT_CONVERSION = YES;
				CLANG_WARN_NON_LITERAL_NULL_CONVERSION = YES;
				CLANG_WARN_OBJC_IMPLICIT_RETAIN_SELF = YES;
				CLANG_WARN_OBJC_LITERAL_CONVERSION = YES;
				CLANG_WARN_OBJC_ROOT_CLASS = YES_ERROR;
				CLANG_WARN_QUOTED_INCLUDE_IN_FRAMEWORK_HEADER = YES;
				CLANG_WARN_RANGE_LOOP_ANALYSIS = YES;
				CLANG_WARN_STRICT_PROTOTYPES = YES;
				CLANG_WARN_SUSPICIOUS_MOVE = YES;
				CLANG_WARN_UNGUARDED_AVAILABILITY = YES_AGGRESSIVE;
				CLANG_WARN_UNREACHABLE_CODE = YES;
				CLANG_WARN__DUPLICATE_METHOD_MATCH = YES;
				COPY_PHASE_STRIP = NO;
				DEBUG_INFORMATION_FORMAT = dwarf;
				ENABLE_STRICT_OBJC_MSGSEND = YES;
				ENABLE_TESTABILITY = YES;
				ENABLE_USER_SCRIPT_SANDBOXING = YES;
				GCC_C_LANGUAGE_STANDARD = gnu17;
				GCC_DYNAMIC_NO_PIC = NO;
				GCC_NO_COMMON_BLOCKS = YES;
				GCC_OPTIMIZATION_LEVEL = 0;
				GCC_PREPROCESSOR_DEFINITIONS = (
					"DEBUG=1",
					"$(inherited)",
				);
				GCC_WARN_64_TO_32_BIT_CONVERSION = YES;
				GCC_WARN_ABOUT_RETURN_TYPE = YES_ERROR;
				GCC_WARN_UNDECLARED_SELECTOR = YES;
				GCC_WARN_UNINITIALIZED_AUTOS = YES_AGGRESSIVE;
				GCC_WARN_UNUSED_FUNCTION = YES;
				GCC_WARN_UNUSED_VARIABLE = YES;
				IPHONEOS_DEPLOYMENT_TARGET = 17.2;
				LOCALIZATION_PREFERS_STRING_CATALOGS = YES;
				MTL_ENABLE_DEBUG_INFO = INCLUDE_SOURCE;
				MTL_FAST_MATH = YES;
				ONLY_ACTIVE_ARCH = YES;
				SDKROOT = iphoneos;
				SWIFT_ACTIVE_COMPILATION_CONDITIONS = "DEBUG $(inherited)";
				SWIFT_OPTIMIZATION_LEVEL = "-Onone";
			};
			name = Debug;
		};
		D03080022B940D4900545001 /* Release */ = {
			isa = XCBuildConfiguration;
			buildSettings = {
				ALWAYS_SEARCH_USER_PATHS = NO;
				ASSETCATALOG_COMPILER_GENERATE_SWIFT_ASSET_SYMBOL_EXTENSIONS = YES;
				CLANG_ANALYZER_NONNULL = YES;
				CLANG_ANALYZER_NUMBER_OBJECT_CONVERSION = YES_AGGRESSIVE;
				CLANG_CXX_LANGUAGE_STANDARD = "gnu++20";
				CLANG_ENABLE_MODULES = YES;
				CLANG_ENABLE_OBJC_ARC = YES;
				CLANG_ENABLE_OBJC_WEAK = YES;
				CLANG_WARN_BLOCK_CAPTURE_AUTORELEASING = YES;
				CLANG_WARN_BOOL_CONVERSION = YES;
				CLANG_WARN_COMMA = YES;
				CLANG_WARN_CONSTANT_CONVERSION = YES;
				CLANG_WARN_DEPRECATED_OBJC_IMPLEMENTATIONS = YES;
				CLANG_WARN_DIRECT_OBJC_ISA_USAGE = YES_ERROR;
				CLANG_WARN_DOCUMENTATION_COMMENTS = YES;
				CLANG_WARN_EMPTY_BODY = YES;
				CLANG_WARN_ENUM_CONVERSION = YES;
				CLANG_WARN_INFINITE_RECURSION = YES;
				CLANG_WARN_INT_CONVERSION = YES;
				CLANG_WARN_NON_LITERAL_NULL_CONVERSION = YES;
				CLANG_WARN_OBJC_IMPLICIT_RETAIN_SELF = YES;
				CLANG_WARN_OBJC_LITERAL_CONVERSION = YES;
				CLANG_WARN_OBJC_ROOT_CLASS = YES_ERROR;
				CLANG_WARN_QUOTED_INCLUDE_IN_FRAMEWORK_HEADER = YES;
				CLANG_WARN_RANGE_LOOP_ANALYSIS = YES;
				CLANG_WARN_STRICT_PROTOTYPES = YES;
				CLANG_WARN_SUSPICIOUS_MOVE = YES;
				CLANG_WARN_UNGUARDED_AVAILABILITY = YES_AGGRESSIVE;
				CLANG_WARN_UNREACHABLE_CODE = YES;
				CLANG_WARN__DUPLICATE_METHOD_MATCH = YES;
				COPY_PHASE_STRIP = NO;
				DEBUG_INFORMATION_FORMAT = "dwarf-with-dsym";
				ENABLE_NS_ASSERTIONS = NO;
				ENABLE_STRICT_OBJC_MSGSEND = YES;
				ENABLE_USER_SCRIPT_SANDBOXING = YES;
				GCC_C_LANGUAGE_STANDARD = gnu17;
				GCC_NO_COMMON_BLOCKS = YES;
				GCC_WARN_64_TO_32_BIT_CONVERSION = YES;
				GCC_WARN_ABOUT_RETURN_TYPE = YES_ERROR;
				GCC_WARN_UNDECLARED_SELECTOR = YES;
				GCC_WARN_UNINITIALIZED_AUTOS = YES_AGGRESSIVE;
				GCC_WARN_UNUSED_FUNCTION = YES;
				GCC_WARN_UNUSED_VARIABLE = YES;
				IPHONEOS_DEPLOYMENT_TARGET = 17.2;
				LOCALIZATION_PREFERS_STRING_CATALOGS = YES;
				MTL_ENABLE_DEBUG_INFO = NO;
				MTL_FAST_MATH = YES;
				SDKROOT = iphoneos;
				SWIFT_COMPILATION_MODE = wholemodule;
				VALIDATE_PRODUCT = YES;
			};
			name = Release;
		};
		D03080042B940D4900545001 /* Debug */ = {
			isa = XCBuildConfiguration;
			buildSettings = {
				ASSETCATALOG_COMPILER_APPICON_NAME = AppIcon;
				ASSETCATALOG_COMPILER_GLOBAL_ACCENT_COLOR_NAME = AccentColor;
				CODE_SIGN_STYLE = Automatic;
				CURRENT_PROJECT_VERSION = 1;
				DEVELOPMENT_ASSET_PATHS = "\"FujitsuIphone/Preview Content\"";
				DEVELOPMENT_TEAM = G3337N7QRS;
				ENABLE_PREVIEWS = YES;
				GENERATE_INFOPLIST_FILE = YES;
				INFOPLIST_KEY_UIApplicationSceneManifest_Generation = YES;
				INFOPLIST_KEY_UIApplicationSupportsIndirectInputEvents = YES;
				INFOPLIST_KEY_UILaunchScreen_Generation = YES;
				INFOPLIST_KEY_UISupportedInterfaceOrientations_iPad = "UIInterfaceOrientationPortrait UIInterfaceOrientationPortraitUpsideDown UIInterfaceOrientationLandscapeLeft UIInterfaceOrientationLandscapeRight";
				INFOPLIST_KEY_UISupportedInterfaceOrientations_iPhone = "UIInterfaceOrientationPortrait UIInterfaceOrientationLandscapeLeft UIInterfaceOrientationLandscapeRight";
				LD_RUNPATH_SEARCH_PATHS = (
					"$(inherited)",
					"@executable_path/Frameworks",
				);
				MARKETING_VERSION = 1.0;
				PRODUCT_BUNDLE_IDENTIFIER = com.powskierman.FujitsuIphone;
				PRODUCT_NAME = "$(TARGET_NAME)";
				SWIFT_EMIT_LOC_STRINGS = YES;
				SWIFT_VERSION = 5.0;
				TARGETED_DEVICE_FAMILY = "1,2";
			};
			name = Debug;
		};
		D03080052B940D4900545001 /* Release */ = {
			isa = XCBuildConfiguration;
			buildSettings = {
				ASSETCATALOG_COMPILER_APPICON_NAME = AppIcon;
				ASSETCATALOG_COMPILER_GLOBAL_ACCENT_COLOR_NAME = AccentColor;
				CODE_SIGN_STYLE = Automatic;
				CURRENT_PROJECT_VERSION = 1;
				DEVELOPMENT_ASSET_PATHS = "\"FujitsuIphone/Preview Content\"";
				DEVELOPMENT_TEAM = G3337N7QRS;
				ENABLE_PREVIEWS = YES;
				GENERATE_INFOPLIST_FILE = YES;
				INFOPLIST_KEY_UIApplicationSceneManifest_Generation = YES;
				INFOPLIST_KEY_UIApplicationSupportsIndirectInputEvents = YES;
				INFOPLIST_KEY_UILaunchScreen_Generation = YES;
				INFOPLIST_KEY_UISupportedInterfaceOrientations_iPad = "UIInterfaceOrientationPortrait UIInterfaceOrientationPortraitUpsideDown UIInterfaceOrientationLandscapeLeft UIInterfaceOrientationLandscapeRight";
				INFOPLIST_KEY_UISupportedInterfaceOrientations_iPhone = "UIInterfaceOrientationPortrait UIInterfaceOrientationLandscapeLeft UIInterfaceOrientationLandscapeRight";
				LD_RUNPATH_SEARCH_PATHS = (
					"$(inherited)",
					"@executable_path/Frameworks",
				);
				MARKETING_VERSION = 1.0;
				PRODUCT_BUNDLE_IDENTIFIER = com.powskierman.FujitsuIphone;
				PRODUCT_NAME = "$(TARGET_NAME)";
				SWIFT_EMIT_LOC_STRINGS = YES;
				SWIFT_VERSION = 5.0;
				TARGETED_DEVICE_FAMILY = "1,2";
			};
			name = Release;
		};
/* End XCBuildConfiguration section */

/* Begin XCConfigurationList section */
		D0307FF02B940D4800545001 /* Build configuration list for PBXProject "FujitsuIphone" */ = {
			isa = XCConfigurationList;
			buildConfigurations = (
				D03080012B940D4900545001 /* Debug */,
				D03080022B940D4900545001 /* Release */,
			);
			defaultConfigurationIsVisible = 0;
			defaultConfigurationName = Release;
		};
		D03080032B940D4900545001 /* Build configuration list for PBXNativeTarget "FujitsuIphone" */ = {
			isa = XCConfigurationList;
			buildConfigurations = (
				D03080042B940D4900545001 /* Debug */,
				D03080052B940D4900545001 /* Release */,
			);
			defaultConfigurationIsVisible = 0;
			defaultConfigurationName = Release;
		};
/* End XCConfigurationList section */

/* Begin XCRemoteSwiftPackageReference section */
		D030800D2B940E6500545001 /* XCRemoteSwiftPackageReference "Starscream" */ = {
			isa = XCRemoteSwiftPackageReference;
			repositoryURL = "https://github.com/daltoniam/Starscream.git";
			requirement = {
				kind = upToNextMajorVersion;
				minimumVersion = 4.0.6;
			};
		};
/* End XCRemoteSwiftPackageReference section */

/* Begin XCSwiftPackageProductDependency section */
		D030800E2B940E6500545001 /* Starscream */ = {
			isa = XCSwiftPackageProductDependency;
			package = D030800D2B940E6500545001 /* XCRemoteSwiftPackageReference "Starscream" */;
			productName = Starscream;
		};
/* End XCSwiftPackageProductDependency section */
	};
	rootObject = D0307FED2B940D4800545001 /* Project object */;
}
