// !$*UTF8*$!
{
	archiveVersion = 1;
	classes = {
	};
	objectVersion = 56;
	objects = {

/* Begin PBXBuildFile section */
		D030800A2B940E1200545001 /* HassFramework.xcframework in Frameworks */ = {isa = PBXBuildFile; fileRef = D03080092B940E1200545001 /* HassFramework.xcframework */; };
		D030800B2B940E1200545001 /* HassFramework.xcframework in Embed Frameworks */ = {isa = PBXBuildFile; fileRef = D03080092B940E1200545001 /* HassFramework.xcframework */; settings = {ATTRIBUTES = (CodeSignOnCopy, RemoveHeadersOnCopy, ); }; };
		D030800F2B940E6500545001 /* Starscream in Frameworks */ = {isa = PBXBuildFile; productRef = D030800E2B940E6500545001 /* Starscream */; };
		D08453582B953E8900555C64 /* ContentView.swift in Sources */ = {isa = PBXBuildFile; fileRef = D084534A2B953E8900555C64 /* ContentView.swift */; };
		D08453592B953E8900555C64 /* ThermometerDialView.swift in Sources */ = {isa = PBXBuildFile; fileRef = D084534B2B953E8900555C64 /* ThermometerDialView.swift */; };
		D084535A2B953E8900555C64 /* ClimateViewModel.swift in Sources */ = {isa = PBXBuildFile; fileRef = D084534C2B953E8900555C64 /* ClimateViewModel.swift */; };
		D084535B2B953E8900555C64 /* thermostat.svg in Resources */ = {isa = PBXBuildFile; fileRef = D084534D2B953E8900555C64 /* thermostat.svg */; };
		D084535C2B953E8900555C64 /* Assets.xcassets in Resources */ = {isa = PBXBuildFile; fileRef = D084534E2B953E8900555C64 /* Assets.xcassets */; };
		D084535D2B953E8900555C64 /* ThermostatModeView.swift in Sources */ = {isa = PBXBuildFile; fileRef = D084534F2B953E8900555C64 /* ThermostatModeView.swift */; };
		D084535E2B953E8900555C64 /* HassAPIService.swift in Sources */ = {isa = PBXBuildFile; fileRef = D08453502B953E8900555C64 /* HassAPIService.swift */; };
		D084535F2B953E8900555C64 /* FujitsuIphoneApp.swift in Sources */ = {isa = PBXBuildFile; fileRef = D08453512B953E8900555C64 /* FujitsuIphoneApp.swift */; };
		D08453602B953E8900555C64 /* Secrets.plist in Resources */ = {isa = PBXBuildFile; fileRef = D08453522B953E8900555C64 /* Secrets.plist */; };
		D08453612B953E8900555C64 /* ThermostatView.swift in Sources */ = {isa = PBXBuildFile; fileRef = D08453532B953E8900555C64 /* ThermostatView.swift */; };
		D08453622B953E8900555C64 /* ThermostatScaleView.swift in Sources */ = {isa = PBXBuildFile; fileRef = D08453542B953E8900555C64 /* ThermostatScaleView.swift */; };
		D08453632B953E8900555C64 /* Enums.swift in Sources */ = {isa = PBXBuildFile; fileRef = D08453552B953E8900555C64 /* Enums.swift */; };
		D08453642B953E8900555C64 /* Preview Assets.xcassets in Resources */ = {isa = PBXBuildFile; fileRef = D08453572B953E8900555C64 /* Preview Assets.xcassets */; };
/* End PBXBuildFile section */

/* Begin PBXCopyFilesBuildPhase section */
		D030800C2B940E1200545001 /* Embed Frameworks */ = {
			isa = PBXCopyFilesBuildPhase;
			buildActionMask = 2147483647;
			dstPath = "";
			dstSubfolderSpec = 10;
			files = (
				D030800B2B940E1200545001 /* HassFramework.xcframework in Embed Frameworks */,
			);
			name = "Embed Frameworks";
			runOnlyForDeploymentPostprocessing = 0;
		};
/* End PBXCopyFilesBuildPhase section */

/* Begin PBXFileReference section */
		D0307FF52B940D4800545001 /* HalcyonIphone.app */ = {isa = PBXFileReference; explicitFileType = wrapper.application; includeInIndex = 0; path = HalcyonIphone.app; sourceTree = BUILT_PRODUCTS_DIR; };
		D03080092B940E1200545001 /* HassFramework.xcframework */ = {isa = PBXFileReference; lastKnownFileType = wrapper.xcframework; name = HassFramework.xcframework; path = ../Frameworks/HassFramework/HassFramework.xcframework; sourceTree = "<group>"; };
		D084534A2B953E8900555C64 /* ContentView.swift */ = {isa = PBXFileReference; fileEncoding = 4; lastKnownFileType = sourcecode.swift; name = ContentView.swift; path = HalcyonIphone/ContentView.swift; sourceTree = "<group>"; };
		D084534B2B953E8900555C64 /* ThermometerDialView.swift */ = {isa = PBXFileReference; fileEncoding = 4; lastKnownFileType = sourcecode.swift; name = ThermometerDialView.swift; path = HalcyonIphone/ThermometerDialView.swift; sourceTree = "<group>"; };
		D084534C2B953E8900555C64 /* ClimateViewModel.swift */ = {isa = PBXFileReference; fileEncoding = 4; lastKnownFileType = sourcecode.swift; name = ClimateViewModel.swift; path = HalcyonIphone/ClimateViewModel.swift; sourceTree = "<group>"; };
		D084534D2B953E8900555C64 /* thermostat.svg */ = {isa = PBXFileReference; fileEncoding = 4; lastKnownFileType = text.xml; name = thermostat.svg; path = HalcyonIphone/thermostat.svg; sourceTree = "<group>"; };
		D084534E2B953E8900555C64 /* Assets.xcassets */ = {isa = PBXFileReference; lastKnownFileType = folder.assetcatalog; name = Assets.xcassets; path = HalcyonIphone/Assets.xcassets; sourceTree = "<group>"; };
		D084534F2B953E8900555C64 /* ThermostatModeView.swift */ = {isa = PBXFileReference; fileEncoding = 4; lastKnownFileType = sourcecode.swift; name = ThermostatModeView.swift; path = HalcyonIphone/ThermostatModeView.swift; sourceTree = "<group>"; };
		D08453502B953E8900555C64 /* HassAPIService.swift */ = {isa = PBXFileReference; fileEncoding = 4; lastKnownFileType = sourcecode.swift; name = HassAPIService.swift; path = HalcyonIphone/HassAPIService.swift; sourceTree = "<group>"; };
		D08453512B953E8900555C64 /* FujitsuIphoneApp.swift */ = {isa = PBXFileReference; fileEncoding = 4; lastKnownFileType = sourcecode.swift; name = FujitsuIphoneApp.swift; path = HalcyonIphone/FujitsuIphoneApp.swift; sourceTree = "<group>"; };
		D08453522B953E8900555C64 /* Secrets.plist */ = {isa = PBXFileReference; fileEncoding = 4; lastKnownFileType = text.plist.xml; name = Secrets.plist; path = HalcyonIphone/Secrets.plist; sourceTree = "<group>"; };
		D08453532B953E8900555C64 /* ThermostatView.swift */ = {isa = PBXFileReference; fileEncoding = 4; lastKnownFileType = sourcecode.swift; name = ThermostatView.swift; path = HalcyonIphone/ThermostatView.swift; sourceTree = "<group>"; };
		D08453542B953E8900555C64 /* ThermostatScaleView.swift */ = {isa = PBXFileReference; fileEncoding = 4; lastKnownFileType = sourcecode.swift; name = ThermostatScaleView.swift; path = HalcyonIphone/ThermostatScaleView.swift; sourceTree = "<group>"; };
		D08453552B953E8900555C64 /* Enums.swift */ = {isa = PBXFileReference; fileEncoding = 4; lastKnownFileType = sourcecode.swift; name = Enums.swift; path = HalcyonIphone/Enums.swift; sourceTree = "<group>"; };
		D08453572B953E8900555C64 /* Preview Assets.xcassets */ = {isa = PBXFileReference; lastKnownFileType = folder.assetcatalog; path = "Preview Assets.xcassets"; sourceTree = "<group>"; };
/* End PBXFileReference section */

/* Begin PBXFrameworksBuildPhase section */
		D0307FF22B940D4800545001 /* Frameworks */ = {
			isa = PBXFrameworksBuildPhase;
			buildActionMask = 2147483647;
			files = (
				D030800A2B940E1200545001 /* HassFramework.xcframework in Frameworks */,
				D030800F2B940E6500545001 /* Starscream in Frameworks */,
			);
			runOnlyForDeploymentPostprocessing = 0;
		};
/* End PBXFrameworksBuildPhase section */

/* Begin PBXGroup section */
		D0307FEC2B940D4800545001 = {
			isa = PBXGroup;
			children = (
				D084534E2B953E8900555C64 /* Assets.xcassets */,
				D084534C2B953E8900555C64 /* ClimateViewModel.swift */,
				D084534A2B953E8900555C64 /* ContentView.swift */,
				D08453552B953E8900555C64 /* Enums.swift */,
				D08453512B953E8900555C64 /* FujitsuIphoneApp.swift */,
				D08453502B953E8900555C64 /* HassAPIService.swift */,
				D08453562B953E8900555C64 /* Preview Content */,
				D08453522B953E8900555C64 /* Secrets.plist */,
				D084534B2B953E8900555C64 /* ThermometerDialView.swift */,
				D084534D2B953E8900555C64 /* thermostat.svg */,
				D084534F2B953E8900555C64 /* ThermostatModeView.swift */,
				D08453542B953E8900555C64 /* ThermostatScaleView.swift */,
				D08453532B953E8900555C64 /* ThermostatView.swift */,
				D0307FF62B940D4800545001 /* Products */,
				D03080082B940E1200545001 /* Frameworks */,
			);
			sourceTree = "<group>";
		};
		D0307FF62B940D4800545001 /* Products */ = {
			isa = PBXGroup;
			children = (
				D0307FF52B940D4800545001 /* HalcyonIphone.app */,
			);
			name = Products;
			sourceTree = "<group>";
		};
		D03080082B940E1200545001 /* Frameworks */ = {
			isa = PBXGroup;
			children = (
				D03080092B940E1200545001 /* HassFramework.xcframework */,
			);
			name = Frameworks;
			sourceTree = "<group>";
		};
		D08453562B953E8900555C64 /* Preview Content */ = {
			isa = PBXGroup;
			children = (
				D08453572B953E8900555C64 /* Preview Assets.xcassets */,
			);
			name = "Preview Content";
			path = "HalcyonIphone/Preview Content";
			sourceTree = "<group>";
		};
/* End PBXGroup section */

/* Begin PBXNativeTarget section */
		D0307FF42B940D4800545001 /* HalcyonIphone */ = {
			isa = PBXNativeTarget;
			buildConfigurationList = D03080032B940D4900545001 /* Build configuration list for PBXNativeTarget "HalcyonIphone" */;
			buildPhases = (
				D0307FF12B940D4800545001 /* Sources */,
				D0307FF22B940D4800545001 /* Frameworks */,
				D0307FF32B940D4800545001 /* Resources */,
				D030800C2B940E1200545001 /* Embed Frameworks */,
			);
			buildRules = (
			);
			dependencies = (
			);
			name = HalcyonIphone;
			packageProductDependencies = (
				D030800E2B940E6500545001 /* Starscream */,
			);
			productName = FujitsuIphone;
			productReference = D0307FF52B940D4800545001 /* HalcyonIphone.app */;
			productType = "com.apple.product-type.application";
		};
/* End PBXNativeTarget section */

/* Begin PBXProject section */
		D0307FED2B940D4800545001 /* Project object */ = {
			isa = PBXProject;
			attributes = {
				BuildIndependentTargetsInParallel = 1;
				LastSwiftUpdateCheck = 1520;
				LastUpgradeCheck = 1520;
				TargetAttributes = {
					D0307FF42B940D4800545001 = {
						CreatedOnToolsVersion = 15.2;
						LastSwiftMigration = 1520;
					};
				};
			};
			buildConfigurationList = D0307FF02B940D4800545001 /* Build configuration list for PBXProject "HalcyonIphone" */;
			compatibilityVersion = "Xcode 14.0";
			developmentRegion = en;
			hasScannedForEncodings = 0;
			knownRegions = (
				en,
				Base,
			);
			mainGroup = D0307FEC2B940D4800545001;
			packageReferences = (
				D030800D2B940E6500545001 /* XCRemoteSwiftPackageReference "Starscream" */,
			);
			productRefGroup = D0307FF62B940D4800545001 /* Products */;
			projectDirPath = "";
			projectRoot = "";
			targets = (
				D0307FF42B940D4800545001 /* HalcyonIphone */,
			);
		};
/* End PBXProject section */

/* Begin PBXResourcesBuildPhase section */
		D0307FF32B940D4800545001 /* Resources */ = {
			isa = PBXResourcesBuildPhase;
			buildActionMask = 2147483647;
			files = (
				D08453642B953E8900555C64 /* Preview Assets.xcassets in Resources */,
				D084535C2B953E8900555C64 /* Assets.xcassets in Resources */,
				D08453602B953E8900555C64 /* Secrets.plist in Resources */,
				D084535B2B953E8900555C64 /* thermostat.svg in Resources */,
			);
			runOnlyForDeploymentPostprocessing = 0;
		};
/* End PBXResourcesBuildPhase section */

/* Begin PBXSourcesBuildPhase section */
		D0307FF12B940D4800545001 /* Sources */ = {
			isa = PBXSourcesBuildPhase;
			buildActionMask = 2147483647;
			files = (
				D08453582B953E8900555C64 /* ContentView.swift in Sources */,
				D084535A2B953E8900555C64 /* ClimateViewModel.swift in Sources */,
				D08453622B953E8900555C64 /* ThermostatScaleView.swift in Sources */,
				D08453612B953E8900555C64 /* ThermostatView.swift in Sources */,
				D084535E2B953E8900555C64 /* HassAPIService.swift in Sources */,
				D084535F2B953E8900555C64 /* FujitsuIphoneApp.swift in Sources */,
				D084535D2B953E8900555C64 /* ThermostatModeView.swift in Sources */,
				D08453632B953E8900555C64 /* Enums.swift in Sources */,
				D08453592B953E8900555C64 /* ThermometerDialView.swift in Sources */,
			);
			runOnlyForDeploymentPostprocessing = 0;
		};
/* End PBXSourcesBuildPhase section */

/* Begin XCBuildConfiguration section */
		D03080012B940D4900545001 /* Debug */ = {
			isa = XCBuildConfiguration;
			buildSettings = {
				ALWAYS_SEARCH_USER_PATHS = NO;
				ASSETCATALOG_COMPILER_GENERATE_SWIFT_ASSET_SYMBOL_EXTENSIONS = YES;
				CLANG_ANALYZER_NONNULL = YES;
				CLANG_ANALYZER_NUMBER_OBJECT_CONVERSION = YES_AGGRESSIVE;
				CLANG_CXX_LANGUAGE_STANDARD = "gnu++20";
				CLANG_ENABLE_MODULES = YES;
				CLANG_ENABLE_OBJC_ARC = YES;
				CLANG_ENABLE_OBJC_WEAK = YES;
				CLANG_WARN_BLOCK_CAPTURE_AUTORELEASING = YES;
				CLANG_WARN_BOOL_CONVERSION = YES;
				CLANG_WARN_COMMA = YES;
				CLANG_WARN_CONSTANT_CONVERSION = YES;
				CLANG_WARN_DEPRECATED_OBJC_IMPLEMENTATIONS = YES;
				CLANG_WARN_DIRECT_OBJC_ISA_USAGE = YES_ERROR;
				CLANG_WARN_DOCUMENTATION_COMMENTS = YES;
				CLANG_WARN_EMPTY_BODY = YES;
				CLANG_WARN_ENUM_CONVERSION = YES;
				CLANG_WARN_INFINITE_RECURSION = YES;
				CLANG_WARN_INT_CONVERSION = YES;
				CLANG_WARN_NON_LITERAL_NULL_CONVERSION = YES;
				CLANG_WARN_OBJC_IMPLICIT_RETAIN_SELF = YES;
				CLANG_WARN_OBJC_LITERAL_CONVERSION = YES;
				CLANG_WARN_OBJC_ROOT_CLASS = YES_ERROR;
				CLANG_WARN_QUOTED_INCLUDE_IN_FRAMEWORK_HEADER = YES;
				CLANG_WARN_RANGE_LOOP_ANALYSIS = YES;
				CLANG_WARN_STRICT_PROTOTYPES = YES;
				CLANG_WARN_SUSPICIOUS_MOVE = YES;
				CLANG_WARN_UNGUARDED_AVAILABILITY = YES_AGGRESSIVE;
				CLANG_WARN_UNREACHABLE_CODE = YES;
				CLANG_WARN__DUPLICATE_METHOD_MATCH = YES;
				COPY_PHASE_STRIP = NO;
				DEBUG_INFORMATION_FORMAT = dwarf;
				ENABLE_STRICT_OBJC_MSGSEND = YES;
				ENABLE_TESTABILITY = YES;
				ENABLE_USER_SCRIPT_SANDBOXING = YES;
				GCC_C_LANGUAGE_STANDARD = gnu17;
				GCC_DYNAMIC_NO_PIC = NO;
				GCC_NO_COMMON_BLOCKS = YES;
				GCC_OPTIMIZATION_LEVEL = 0;
				GCC_PREPROCESSOR_DEFINITIONS = (
					"DEBUG=1",
					"$(inherited)",
				);
				GCC_WARN_64_TO_32_BIT_CONVERSION = YES;
				GCC_WARN_ABOUT_RETURN_TYPE = YES_ERROR;
				GCC_WARN_UNDECLARED_SELECTOR = YES;
				GCC_WARN_UNINITIALIZED_AUTOS = YES_AGGRESSIVE;
				GCC_WARN_UNUSED_FUNCTION = YES;
				GCC_WARN_UNUSED_VARIABLE = YES;
				IPHONEOS_DEPLOYMENT_TARGET = 17.2;
				LOCALIZATION_PREFERS_STRING_CATALOGS = YES;
				MTL_ENABLE_DEBUG_INFO = INCLUDE_SOURCE;
				MTL_FAST_MATH = YES;
				ONLY_ACTIVE_ARCH = YES;
				SDKROOT = iphoneos;
				SWIFT_ACTIVE_COMPILATION_CONDITIONS = "DEBUG $(inherited)";
				SWIFT_OPTIMIZATION_LEVEL = "-Onone";
			};
			name = Debug;
		};
		D03080022B940D4900545001 /* Release */ = {
			isa = XCBuildConfiguration;
			buildSettings = {
				ALWAYS_SEARCH_USER_PATHS = NO;
				ASSETCATALOG_COMPILER_GENERATE_SWIFT_ASSET_SYMBOL_EXTENSIONS = YES;
				CLANG_ANALYZER_NONNULL = YES;
				CLANG_ANALYZER_NUMBER_OBJECT_CONVERSION = YES_AGGRESSIVE;
				CLANG_CXX_LANGUAGE_STANDARD = "gnu++20";
				CLANG_ENABLE_MODULES = YES;
				CLANG_ENABLE_OBJC_ARC = YES;
				CLANG_ENABLE_OBJC_WEAK = YES;
				CLANG_WARN_BLOCK_CAPTURE_AUTORELEASING = YES;
				CLANG_WARN_BOOL_CONVERSION = YES;
				CLANG_WARN_COMMA = YES;
				CLANG_WARN_CONSTANT_CONVERSION = YES;
				CLANG_WARN_DEPRECATED_OBJC_IMPLEMENTATIONS = YES;
				CLANG_WARN_DIRECT_OBJC_ISA_USAGE = YES_ERROR;
				CLANG_WARN_DOCUMENTATION_COMMENTS = YES;
				CLANG_WARN_EMPTY_BODY = YES;
				CLANG_WARN_ENUM_CONVERSION = YES;
				CLANG_WARN_INFINITE_RECURSION = YES;
				CLANG_WARN_INT_CONVERSION = YES;
				CLANG_WARN_NON_LITERAL_NULL_CONVERSION = YES;
				CLANG_WARN_OBJC_IMPLICIT_RETAIN_SELF = YES;
				CLANG_WARN_OBJC_LITERAL_CONVERSION = YES;
				CLANG_WARN_OBJC_ROOT_CLASS = YES_ERROR;
				CLANG_WARN_QUOTED_INCLUDE_IN_FRAMEWORK_HEADER = YES;
				CLANG_WARN_RANGE_LOOP_ANALYSIS = YES;
				CLANG_WARN_STRICT_PROTOTYPES = YES;
				CLANG_WARN_SUSPICIOUS_MOVE = YES;
				CLANG_WARN_UNGUARDED_AVAILABILITY = YES_AGGRESSIVE;
				CLANG_WARN_UNREACHABLE_CODE = YES;
				CLANG_WARN__DUPLICATE_METHOD_MATCH = YES;
				COPY_PHASE_STRIP = NO;
				DEBUG_INFORMATION_FORMAT = "dwarf-with-dsym";
				ENABLE_NS_ASSERTIONS = NO;
				ENABLE_STRICT_OBJC_MSGSEND = YES;
				ENABLE_USER_SCRIPT_SANDBOXING = YES;
				GCC_C_LANGUAGE_STANDARD = gnu17;
				GCC_NO_COMMON_BLOCKS = YES;
				GCC_WARN_64_TO_32_BIT_CONVERSION = YES;
				GCC_WARN_ABOUT_RETURN_TYPE = YES_ERROR;
				GCC_WARN_UNDECLARED_SELECTOR = YES;
				GCC_WARN_UNINITIALIZED_AUTOS = YES_AGGRESSIVE;
				GCC_WARN_UNUSED_FUNCTION = YES;
				GCC_WARN_UNUSED_VARIABLE = YES;
				IPHONEOS_DEPLOYMENT_TARGET = 17.2;
				LOCALIZATION_PREFERS_STRING_CATALOGS = YES;
				MTL_ENABLE_DEBUG_INFO = NO;
				MTL_FAST_MATH = YES;
				SDKROOT = iphoneos;
				SWIFT_COMPILATION_MODE = wholemodule;
				VALIDATE_PRODUCT = YES;
			};
			name = Release;
		};
		D03080042B940D4900545001 /* Debug */ = {
			isa = XCBuildConfiguration;
			buildSettings = {
				ASSETCATALOG_COMPILER_APPICON_NAME = AppIcon;
				ASSETCATALOG_COMPILER_GLOBAL_ACCENT_COLOR_NAME = AccentColor;
				CLANG_ENABLE_MODULES = YES;
				CODE_SIGN_STYLE = Automatic;
				CURRENT_PROJECT_VERSION = 1;
				DEVELOPMENT_ASSET_PATHS = "\"HalcyonIphone/Preview Content\"";
				DEVELOPMENT_TEAM = G3337N7QRS;
				ENABLE_PREVIEWS = YES;
				GENERATE_INFOPLIST_FILE = YES;
				INFOPLIST_KEY_UIApplicationSceneManifest_Generation = YES;
				INFOPLIST_KEY_UIApplicationSupportsIndirectInputEvents = YES;
				INFOPLIST_KEY_UILaunchScreen_Generation = YES;
				INFOPLIST_KEY_UISupportedInterfaceOrientations_iPad = "UIInterfaceOrientationPortrait UIInterfaceOrientationPortraitUpsideDown UIInterfaceOrientationLandscapeLeft UIInterfaceOrientationLandscapeRight";
				INFOPLIST_KEY_UISupportedInterfaceOrientations_iPhone = "UIInterfaceOrientationPortrait UIInterfaceOrientationLandscapeLeft UIInterfaceOrientationLandscapeRight";
				LD_RUNPATH_SEARCH_PATHS = (
					"$(inherited)",
					"@executable_path/Frameworks",
				);
				MARKETING_VERSION = 1.0;
				PRODUCT_BUNDLE_IDENTIFIER = com.powskierman.FujitsuIphone;
				PRODUCT_NAME = "$(TARGET_NAME)";
				SWIFT_EMIT_LOC_STRINGS = YES;
				SWIFT_OPTIMIZATION_LEVEL = "-Onone";
				SWIFT_VERSION = 5.0;
				TARGETED_DEVICE_FAMILY = "1,2";
			};
			name = Debug;
		};
		D03080052B940D4900545001 /* Release */ = {
			isa = XCBuildConfiguration;
			buildSettings = {
				ASSETCATALOG_COMPILER_APPICON_NAME = AppIcon;
				ASSETCATALOG_COMPILER_GLOBAL_ACCENT_COLOR_NAME = AccentColor;
				CLANG_ENABLE_MODULES = YES;
				CODE_SIGN_STYLE = Automatic;
				CURRENT_PROJECT_VERSION = 1;
				DEVELOPMENT_ASSET_PATHS = "\"HalcyonIphone/Preview Content\"";
				DEVELOPMENT_TEAM = G3337N7QRS;
				ENABLE_PREVIEWS = YES;
				GENERATE_INFOPLIST_FILE = YES;
				INFOPLIST_KEY_UIApplicationSceneManifest_Generation = YES;
				INFOPLIST_KEY_UIApplicationSupportsIndirectInputEvents = YES;
				INFOPLIST_KEY_UILaunchScreen_Generation = YES;
				INFOPLIST_KEY_UISupportedInterfaceOrientations_iPad = "UIInterfaceOrientationPortrait UIInterfaceOrientationPortraitUpsideDown UIInterfaceOrientationLandscapeLeft UIInterfaceOrientationLandscapeRight";
				INFOPLIST_KEY_UISupportedInterfaceOrientations_iPhone = "UIInterfaceOrientationPortrait UIInterfaceOrientationLandscapeLeft UIInterfaceOrientationLandscapeRight";
				LD_RUNPATH_SEARCH_PATHS = (
					"$(inherited)",
					"@executable_path/Frameworks",
				);
				MARKETING_VERSION = 1.0;
				PRODUCT_BUNDLE_IDENTIFIER = com.powskierman.FujitsuIphone;
				PRODUCT_NAME = "$(TARGET_NAME)";
				SWIFT_EMIT_LOC_STRINGS = YES;
				SWIFT_VERSION = 5.0;
				TARGETED_DEVICE_FAMILY = "1,2";
			};
			name = Release;
		};
/* End XCBuildConfiguration section */

/* Begin XCConfigurationList section */
		D0307FF02B940D4800545001 /* Build configuration list for PBXProject "HalcyonIphone" */ = {
			isa = XCConfigurationList;
			buildConfigurations = (
				D03080012B940D4900545001 /* Debug */,
				D03080022B940D4900545001 /* Release */,
			);
			defaultConfigurationIsVisible = 0;
			defaultConfigurationName = Release;
		};
		D03080032B940D4900545001 /* Build configuration list for PBXNativeTarget "HalcyonIphone" */ = {
			isa = XCConfigurationList;
			buildConfigurations = (
				D03080042B940D4900545001 /* Debug */,
				D03080052B940D4900545001 /* Release */,
			);
			defaultConfigurationIsVisible = 0;
			defaultConfigurationName = Release;
		};
/* End XCConfigurationList section */

/* Begin XCRemoteSwiftPackageReference section */
		D030800D2B940E6500545001 /* XCRemoteSwiftPackageReference "Starscream" */ = {
			isa = XCRemoteSwiftPackageReference;
			repositoryURL = "https://github.com/daltoniam/Starscream.git";
			requirement = {
				kind = upToNextMajorVersion;
				minimumVersion = 4.0.6;
			};
		};
/* End XCRemoteSwiftPackageReference section */

/* Begin XCSwiftPackageProductDependency section */
		D030800E2B940E6500545001 /* Starscream */ = {
			isa = XCSwiftPackageProductDependency;
			package = D030800D2B940E6500545001 /* XCRemoteSwiftPackageReference "Starscream" */;
			productName = Starscream;
		};
/* End XCSwiftPackageProductDependency section */
	};
	rootObject = D0307FED2B940D4800545001 /* Project object */;
}
